github.com/Splidejs/splide v4.1.3+incompatible h1:ms0c3Tem9Bq7qcr88nLspZi2SW14mYnj4CVuHGqJbzA=
github.com/Splidejs/splide v4.1.3+incompatible/go.mod h1:N10tHuOP81a5HGua3PmZVrpMiBmf/KhId8jZt0oShNk=
github.com/dixonandmoe/rellax v0.0.0-20240824005335-9ed6cb0aae03 h1:TyZM0MK9+09/vGdnH8N9xVFix5f1vzU90V5WCyL16oE=
github.com/dixonandmoe/rellax v0.0.0-20240824005335-9ed6cb0aae03/go.mod h1:CJ8UtS8LPLOSmpvwRkQJkwqOwwXaDfH5S7iG83GKAlY=
github.com/hugolify/hugolify-admin/v2 v2.0.0-13 h1:bXmnCNLoV4hywQjJo4s25UhKNsSaJfP4UE3fG9rLZR0=
github.com/hugolify/hugolify-admin/v2 v2.0.0-13/go.mod h1:lPDkZn5SuJ2zB96xU/kKH3gNWOovqgxutjgnBOin48M=
github.com/hugolify/hugolify-theme-design-system v0.0.0-20260909201119-4986cca00510 h1:HY4tnnyqTc0aB1Jxc2fJRGB/2SSNsNbXQmgBhYQiCYQ=
github.com/hugolify/hugolify-theme-design-system v0.0.0-20260909201119-4986cca00510/go.mod h1:pmx1M5Ej9OhNx59jVsqRWhWHSv0JVx6U9txsqTWauTQ=
github.com/hugolify/hugolify-theme-expertises/v2 v2.2.0 h1:J0LCnNGnPYnaeEPO4wWVlvmcnXoInR8+4x5g0yHXwBU=
github.com/hugolify/hugolify-theme-expertises/v2 v2.2.0/go.mod h1:yJccPpJzQlZwC6y+QEwAek/qA3FwWgend9us2qoxYzo=
github.com/hugolify/hugolify-theme-icons v0.0.0-20260903194220-889a383d226d h1:VJA+JEVazGteQx4sxhvKMmMr2V1HI0UaTLrZT4w+hTA=
github.com/hugolify/hugolify-theme-icons v0.0.0-20260903194220-889a383d226d/go.mod h1:tgu9FOg5nxqOuBWLjq/bPaK08+qruITqMrjbUq5QBQg=
github.com/hugolify/hugolify-theme-persons-expertises/v2 v2.1.0 h1:Jj9MkN3iuvXZLGC+JE9Wpz8lyQ93/GS+sk0nLttJg2I=
github.com/hugolify/hugolify-theme-persons-expertises/v2 v2.1.0/go.mod h1:E+aHCuWxFobGW5YS1WJu7NVqY2GX3A8+E2HQMh+fang=
github.com/hugolify/hugolify-theme-persons-statutes/v2 v2.1.0 h1:uVCu7nhyHxHfDpohdXoYvDP9n4CHsYaU9TKsXXgZd8Q=
github.com/hugolify/hugolify-theme-persons-statutes/v2 v2.1.0/go.mod h1:1XYXeiCZ9LKRC3nTXpZXLle/u3cPM8wv93kMRU6un0c=
github.com/hugolify/hugolify-theme-persons/v2 v2.5.0 h1:5Tl7NYx+hNx9mqOCwt+u40PeYW4N2360wWPkREZnOfY=
github.com/hugolify/hugolify-theme-persons/v2 v2.5.0/go.mod h1:dcfGtBGSkxN2xBuJgd0bYzklhtRm83a7EVU1SWtSH3c=
github.com/hugolify/hugolify-theme-posts-authors/v2 v2.1.0 h1:eCwANrZCl8api5ZERbx40OSylJGBQZDSPjYlsqJVvGc=
github.com/hugolify/hugolify-theme-posts-authors/v2 v2.1.0/go.mod h1:657Arg3VE+dWHF6XCl3lArwGlvezyQk9KGpkFLzJOto=
github.com/hugolify/hugolify-theme-posts-categories/v2 v2.1.0 h1:us/yXGja/BLh0EOjH1ic/DdiTF/VptbhR+uUpCgpb5w=
github.com/hugolify/hugolify-theme-posts-categories/v2 v2.1.0/go.mod h1:M4+mhOYsEcrEXmB+82KKsXq9dUyOC9YrrX/rxW/x6cE=
github.com/hugolify/hugolify-theme-posts-expertises/v2 v2.1.0 h1:513K4N64fSxl5jalLRDGmeu7FGaotuXyA9gvfkp6FGA=
github.com/hugolify/hugolify-theme-posts-expertises/v2 v2.1.0/go.mod h1:vXzSjfWvZ6jM5Td4ggBbkuj5//CRA+N2Hh25KFVu/2g=
github.com/hugolify/hugolify-theme-posts-tags/v2 v2.1.0 h1:Sm8cGaSIMjtpxlx2JYDC5J9T3c8kY5LBjATmsASbTGQ=
github.com/hugolify/hugolify-theme-posts-tags/v2 v2.1.0/go.mod h1:FYnmCa2AG/XFF0XfNjc2GV5xQ8GUsGTxGb4iH50am1s=
github.com/hugolify/hugolify-theme-posts/v2 v2.4.0 h1:czLXToJ6CobgjSVC/HZm9fSyozlpoOI/abkh7pcfN4Q=
github.com/hugolify/hugolify-theme-posts/v2 v2.4.0/go.mod h1:dHhV8ouOmfrMz7Kz+LFhc8vCBb8sugI5d9wDzhO1n2M=
github.com/hugolify/hugolify-theme/v2 v2.18.0 h1:IDpfJh8nvmEFJT/3HKBWaMhc87q3HE2gtjArACt0exk=
github.com/hugolify/hugolify-theme/v2 v2.18.0/go.mod h1:49bO1E1dltejQfsaP5EYB4dv7oOUDhyWWio9OWK9FAw=
github.com/lucide-icons/lucide v0.265.1-0.20260910104706-c2c28580b300 h1:DJv09Pbyh3mgT4Jbr/O0f1ImqzvSq6cnsSiCTYRyX6U=
github.com/lucide-icons/lucide v0.265.1-0.20260910104706-c2c28580b300/go.mod h1:0HX/9u6n25zuV2HgBIuqfMfDktGNXmsvYqL1cOK4aWc=
github.com/midzer/tobii v3.2.0+incompatible h1:+08xCdrQ8dlXrkBIOJFsIUsfgme4Ou1CUfbqDmeX/Hc=
github.com/midzer/tobii v3.2.0+incompatible/go.mod h1:ByXFkVm8ja2+TXT7L+lfkdEIeHW4IdWdsQO8zJ5mEqA=
github.com/orestbida/cookieconsent v3.1.0+incompatible h1:L2uj16SEL1bICkn6pJde9uc1qAPmTcEiFZO93zZKdQI=
github.com/orestbida/cookieconsent v3.1.0+incompatible/go.mod h1:8N46VI/40AwvzASJDpiwfbu6zylSzKSDZRUVNmVXLxw=
github.com/simple-icons/simple-icons v0.0.0-20260607021030-c3777a7e48a5 h1:KMtcHeiD7TpsH/GQhibbHc1Nd8SB3p2VW6S3lCYk4Vs=
github.com/simple-icons/simple-icons v0.0.0-20260607021030-c3777a7e48a5/go.mod h1:oOgUUt8yVYOso/wEBi2ojfZP2MU/xxiNccIpaE+jCvE=
github.com/uncinq/lawyerify-theme/v2 v2.4.0 h1:ob8Hzzevdquudxdljldg5eSbdmTA9fyBZNtvY3P/YvA=
github.com/uncinq/lawyerify-theme/v2 v2.4.0/go.mod h1:0MaC1a2iiNOw5ans4lBEj3OWdqzH8+5eS3w0vv3LXPU=
