github.com/gohugoio/hugo-mod-bootstrap-scss/v5 v5.20300.20200 h1:SmpwwN3DNzJWbV+IT8gaFu07ENUFpCvKou5BHYUKuVs=
github.com/gohugoio/hugo-mod-bootstrap-scss/v5 v5.20300.20200/go.mod h1:kx8MBj9T7SFR8ZClWvKZPmmUxBaltkoXvnWlZZcSnYA=
github.com/gohugoio/hugo-mod-jslibs-dist/popperjs/v2 v2.21100.20000 h1:GZxx4Hc+yb0/t3/rau1j8XlAxLE4CyXns2fqQbyqWfs=
github.com/gohugoio/hugo-mod-jslibs-dist/popperjs/v2 v2.21100.20000/go.mod h1:mFberT6ZtcchrsDtfvJM7aAH2bDKLdOnruUHl0hlapI=
github.com/hugolify/hugolify-theme v1.16.6 h1:qERpeIbaJHGFdkmbjruX7/jyhFPYeknO2JjjI2dQPlk=
github.com/hugolify/hugolify-theme v1.16.6/go.mod h1:yDbH6g0BJAqjueFrZ13u2lC9gWsYuKDFjQirn805zvo=
github.com/hugolify/hugolify-theme-3 v1.0.11 h1:yj09HH+o9Nl1XT6sIqRVKrTbrBkz9lwRb8EXFvPEWck=
github.com/hugolify/hugolify-theme-3 v1.0.11/go.mod h1:JKuVKJqvUin5iT3GgaHOsZNfq9GuS6xNln4Ue1KKfIA=
github.com/hugolify/hugolify-theme-expertises v1.0.18 h1:4kzjHI5TY4F4Tk0ubX3F0Uq9h4bhX6JEZDQRJiQd5u4=
github.com/hugolify/hugolify-theme-expertises v1.0.18/go.mod h1:PRae8nvjLI70qjJEVsLf01ufzmdF1cFJ7yrkEuNh0FY=
github.com/hugolify/hugolify-theme-persons v1.3.13 h1:0b+3j1gq+C8psa/sKdyuZUmAhhSArw8Xpw4ksr9/OTU=
github.com/hugolify/hugolify-theme-persons v1.3.13/go.mod h1:LjjY/5pEDk2r3URTU8xS7Sango4D4K9ExU0+OaJwOUA=
github.com/hugolify/hugolify-theme-persons-expertises v1.0.3 h1:/ZxZCHzKMXASZktH7N6Xpq/C9nVDbKYW+LpKMgojksw=
github.com/hugolify/hugolify-theme-persons-expertises v1.0.3/go.mod h1:Uiu/W+wJTNoYf4sByJ0wh20OTzOiC740HEvpXQuI6oU=
github.com/hugolify/hugolify-theme-persons-statutes v1.1.5 h1:9p9QdenO75ismHlxropv2XzA8LVja02bqb4jjIhnfYQ=
github.com/hugolify/hugolify-theme-persons-statutes v1.1.5/go.mod h1:S+aQocqFtsLpYC+6t8IYGY95YHYvcPFovzVe61XEqMc=
github.com/hugolify/hugolify-theme-publications v1.2.3 h1:ofK5t5eYqMo5E3y15FWycpDyMxmVYyr4Ses/jlAJwto=
github.com/hugolify/hugolify-theme-publications v1.2.3/go.mod h1:9hR8/sdinGo6o4DJpZMTdP1I8XYwUUq585WmeU1zwH8=
github.com/hugolify/hugolify-theme-publications-categories v1.0.3 h1:NM+pvbb5heaf5zOts6AYlniwop8KoDBQpjo9K/Xus8A=
github.com/hugolify/hugolify-theme-publications-categories v1.0.3/go.mod h1:NX1zBK520EcoOqDbtg3EifmDxxhWZvrpQopo4QoeN5o=
github.com/hugolify/hugolify-theme-publications-expertises v1.0.3 h1:xHjTjvQcMoz/b7wBWKXVAk/Qcgfz3IAp1Dbc/M6WEF4=
github.com/hugolify/hugolify-theme-publications-expertises v1.0.3/go.mod h1:wmPa4Tmmjj/3Od2iHffMEsf3lPtJoWrDLNsYnk8DAEY=
github.com/hugolify/hugolify-theme-publications-persons v1.1.4 h1:6i0w2BEfPRDrwfXGFjkAX5R1sOUxvbYLFekHyEOfn1U=
github.com/hugolify/hugolify-theme-publications-persons v1.1.4/go.mod h1:To+/GFhBybbw54E7FXfcU2C1hulhkKkB31YrNI3SSeM=
github.com/hugolify/lawyerify-example-site-associates v1.0.0 h1:7gy7geLMqTAPB12Q1oWSLZylrd2CxjosuP2lmdnqOZg=
github.com/hugolify/lawyerify-example-site-associates v1.0.0/go.mod h1:meWJkeJGsH8r7vxGNYUe0oUdNunrRPC0BKTBZYfQp+I=
github.com/hugolify/lawyerify-theme v1.3.7 h1:ygeZttJR4eHP2lelq8CfQI3C0a0Z67iatpeRREt+g0k=
github.com/hugolify/lawyerify-theme v1.3.7/go.mod h1:/gEZGRHrgKI/hpj3r+917MKDZOtUsIAd4YSf06/hxTI=
github.com/midzer/tobii v2.5.0+incompatible h1:Gg3r5Zp0M6shS70NVGHALUgfw0sPtk3YHRjfYHbOUbo=
github.com/midzer/tobii v2.5.0+incompatible/go.mod h1:ByXFkVm8ja2+TXT7L+lfkdEIeHW4IdWdsQO8zJ5mEqA=
github.com/twbs/bootstrap v5.3.2+incompatible/go.mod h1:fZTSrkpSf0/HkL0IIJzvVspTt1r9zuf7XlZau8kpcY0=
github.com/twbs/bootstrap v5.3.3+incompatible h1:goFoqinzdHfkeegpFP7pvhbd0g+A3O2hbU3XCjuNrEQ=
github.com/twbs/bootstrap v5.3.3+incompatible/go.mod h1:fZTSrkpSf0/HkL0IIJzvVspTt1r9zuf7XlZau8kpcY0=
github.com/twbs/icons v1.11.3 h1:XhvrQ1XDom9ggBbQx3wQCFGEr8qAQwQP/dAcw8OXMtA=
github.com/twbs/icons v1.11.3/go.mod h1:GnRlymgVWp5iVJCMa0Me5b6tFyGpVc2bSxPMRGIJmyA=
