github.com/gohugoio/hugo-mod-jslibs-dist/popperjs/v2 v2.21100.20000 h1:GZxx4Hc+yb0/t3/rau1j8XlAxLE4CyXns2fqQbyqWfs=
github.com/gohugoio/hugo-mod-jslibs-dist/popperjs/v2 v2.21100.20000/go.mod h1:mFberT6ZtcchrsDtfvJM7aAH2bDKLdOnruUHl0hlapI=
github.com/hugolify/hugolify-decap-cms v1.9.0 h1:4/8VFZ+66gDa2CguRPJjRgOu+dp7d5ui6i2cbuydq6s=
github.com/hugolify/hugolify-decap-cms v1.9.0/go.mod h1:lxqV0lEahrLATtKBgUbj/c9fQE1XGpaJSIaLk9D/hRA=
github.com/hugolify/hugolify-theme v1.7.41 h1:EB+oxjtXXDh+RdUy5Cq5iTTiJUTjCbOMfnsrWeN0e9U=
github.com/hugolify/hugolify-theme v1.7.41/go.mod h1:yDbH6g0BJAqjueFrZ13u2lC9gWsYuKDFjQirn805zvo=
github.com/hugolify/hugolify-theme-3 v1.0.8 h1:IqknySrLM7wAo4n36rWrkm2fquKvGv9wU1rdQWbiGQU=
github.com/hugolify/hugolify-theme-3 v1.0.8/go.mod h1:JKuVKJqvUin5iT3GgaHOsZNfq9GuS6xNln4Ue1KKfIA=
github.com/hugolify/hugolify-theme-expertises v1.0.15 h1:0y5sJKYU265x7CJL0Pdp1dSfhyhDInGv8RCIEwFbs6A=
github.com/hugolify/hugolify-theme-expertises v1.0.15/go.mod h1:PRae8nvjLI70qjJEVsLf01ufzmdF1cFJ7yrkEuNh0FY=
github.com/hugolify/hugolify-theme-persons v1.3.9 h1:do+zhJQIXbsPQJUBZeYSJ6EZj9/bbV3ok/20RXqb1aU=
github.com/hugolify/hugolify-theme-persons v1.3.9/go.mod h1:LjjY/5pEDk2r3URTU8xS7Sango4D4K9ExU0+OaJwOUA=
github.com/hugolify/hugolify-theme-persons-expertises v1.0.2 h1:Tc3yymD5hD4NkOIcBuVbMkqZRgJcEgEalmzS5FKeYds=
github.com/hugolify/hugolify-theme-persons-expertises v1.0.2/go.mod h1:Uiu/W+wJTNoYf4sByJ0wh20OTzOiC740HEvpXQuI6oU=
github.com/hugolify/hugolify-theme-persons-statutes v1.1.4 h1:5VUyyFkBt07bK/ktoxqlEd1H78p7P/jXy03sx/sE5PQ=
github.com/hugolify/hugolify-theme-persons-statutes v1.1.4/go.mod h1:S+aQocqFtsLpYC+6t8IYGY95YHYvcPFovzVe61XEqMc=
github.com/hugolify/hugolify-theme-publications v1.2.0 h1:1Ss0D1h/2mp7gC8ndTfoUZ8263Wthilq67ytevgKzBw=
github.com/hugolify/hugolify-theme-publications v1.2.0/go.mod h1:9hR8/sdinGo6o4DJpZMTdP1I8XYwUUq585WmeU1zwH8=
github.com/hugolify/hugolify-theme-publications-categories v1.0.3 h1:NM+pvbb5heaf5zOts6AYlniwop8KoDBQpjo9K/Xus8A=
github.com/hugolify/hugolify-theme-publications-categories v1.0.3/go.mod h1:NX1zBK520EcoOqDbtg3EifmDxxhWZvrpQopo4QoeN5o=
github.com/hugolify/hugolify-theme-publications-expertises v1.0.2 h1:qb2mRPu1ADzoYn+IFwSof4+pJ6kGf45FBqfSYhR/UBA=
github.com/hugolify/hugolify-theme-publications-expertises v1.0.2/go.mod h1:wmPa4Tmmjj/3Od2iHffMEsf3lPtJoWrDLNsYnk8DAEY=
github.com/hugolify/hugolify-theme-publications-persons v1.1.2 h1:jwriBVKYNg/MZ0qFh93ZAYCd3x7QoEIyRpGHJaTgsdw=
github.com/hugolify/hugolify-theme-publications-persons v1.1.2/go.mod h1:To+/GFhBybbw54E7FXfcU2C1hulhkKkB31YrNI3SSeM=
github.com/hugolify/lawyerify-decap-cms v1.4.0 h1:uJSdHbF7K99iN+FelyyfutMUULmX632fHXBaVWClekM=
github.com/hugolify/lawyerify-decap-cms v1.4.0/go.mod h1:yrVDHtixqdrnR9w9P5bOomMCRrQUFm1b713E1+xQxT8=
github.com/hugolify/lawyerify-example-site-associates v1.0.0 h1:7gy7geLMqTAPB12Q1oWSLZylrd2CxjosuP2lmdnqOZg=
github.com/hugolify/lawyerify-example-site-associates v1.0.0/go.mod h1:meWJkeJGsH8r7vxGNYUe0oUdNunrRPC0BKTBZYfQp+I=
github.com/hugolify/lawyerify-theme v1.3.4 h1:B16aUwFif1J6e5jvDSK452QCeMv1x5LdsvAVEmbXA2s=
github.com/hugolify/lawyerify-theme v1.3.4/go.mod h1:/gEZGRHrgKI/hpj3r+917MKDZOtUsIAd4YSf06/hxTI=
github.com/twbs/bootstrap v5.3.2+incompatible h1:tuiO5acc6xnZUR77Sbi5aKWXxjYxbmsSbJwYrhAKoQQ=
github.com/twbs/bootstrap v5.3.2+incompatible/go.mod h1:fZTSrkpSf0/HkL0IIJzvVspTt1r9zuf7XlZau8kpcY0=
